
Microsoft Visual Studio Solution File, Format Version 12.00
# Visual Studio 2012
Project("{FAE04EC0-301F-11D3-BF4B-00C04F79EFBC}") = "BuenRide.Droid", "BuenRide\BuenRide.Droid.csproj", "{284532B7-09A2-45EB-8BAC-B1FEB2A94AAE}"
EndProject
Project("{FAE04EC0-301F-11D3-BF4B-00C04F79EFBC}") = "BuenRide.iPhone", "BuenRide.iPhone\BuenRide.iPhone.csproj", "{0CCB9E3C-C7C7-4A95-9663-1CDE560FD2EA}"
EndProject
Project("{FAE04EC0-301F-11D3-BF4B-00C04F79EFBC}") = "BuenRide.Portable", "BuenRide.Portable\BuenRide.Portable.csproj", "{743B0240-60AD-42FA-B0D1-C3454F73D644}"
EndProject
Global
	GlobalSection(SolutionConfigurationPlatforms) = preSolution
		Debug|Any CPU = Debug|Any CPU
		Release|Any CPU = Release|Any CPU
		Debug|iPhoneSimulator = Debug|iPhoneSimulator
		Release|iPhoneSimulator = Release|iPhoneSimulator
		Debug|iPhone = Debug|iPhone
		Release|iPhone = Release|iPhone
		Ad-Hoc|iPhone = Ad-Hoc|iPhone
		AppStore|iPhone = AppStore|iPhone
	EndGlobalSection
	GlobalSection(ProjectConfigurationPlatforms) = postSolution
		{0CCB9E3C-C7C7-4A95-9663-1CDE560FD2EA}.Ad-Hoc|iPhone.ActiveCfg = Ad-Hoc|iPhone
		{0CCB9E3C-C7C7-4A95-9663-1CDE560FD2EA}.Ad-Hoc|iPhone.Build.0 = Ad-Hoc|iPhone
		{0CCB9E3C-C7C7-4A95-9663-1CDE560FD2EA}.AppStore|iPhone.ActiveCfg = AppStore|iPhone
		{0CCB9E3C-C7C7-4A95-9663-1CDE560FD2EA}.AppStore|iPhone.Build.0 = AppStore|iPhone
		{0CCB9E3C-C7C7-4A95-9663-1CDE560FD2EA}.Debug|Any CPU.ActiveCfg = Debug|iPhoneSimulator
		{0CCB9E3C-C7C7-4A95-9663-1CDE560FD2EA}.Debug|Any CPU.Build.0 = Debug|iPhoneSimulator
		{0CCB9E3C-C7C7-4A95-9663-1CDE560FD2EA}.Debug|iPhone.ActiveCfg = Debug|iPhone
		{0CCB9E3C-C7C7-4A95-9663-1CDE560FD2EA}.Debug|iPhone.Build.0 = Debug|iPhone
		{0CCB9E3C-C7C7-4A95-9663-1CDE560FD2EA}.Debug|iPhoneSimulator.ActiveCfg = Debug|iPhoneSimulator
		{0CCB9E3C-C7C7-4A95-9663-1CDE560FD2EA}.Debug|iPhoneSimulator.Build.0 = Debug|iPhoneSimulator
		{0CCB9E3C-C7C7-4A95-9663-1CDE560FD2EA}.Release|Any CPU.ActiveCfg = Release|iPhoneSimulator
		{0CCB9E3C-C7C7-4A95-9663-1CDE560FD2EA}.Release|Any CPU.Build.0 = Release|iPhoneSimulator
		{0CCB9E3C-C7C7-4A95-9663-1CDE560FD2EA}.Release|iPhone.ActiveCfg = Release|iPhone
		{0CCB9E3C-C7C7-4A95-9663-1CDE560FD2EA}.Release|iPhone.Build.0 = Release|iPhone
		{0CCB9E3C-C7C7-4A95-9663-1CDE560FD2EA}.Release|iPhoneSimulator.ActiveCfg = Release|iPhoneSimulator
		{0CCB9E3C-C7C7-4A95-9663-1CDE560FD2EA}.Release|iPhoneSimulator.Build.0 = Release|iPhoneSimulator
		{284532B7-09A2-45EB-8BAC-B1FEB2A94AAE}.Ad-Hoc|iPhone.ActiveCfg = Debug|Any CPU
		{284532B7-09A2-45EB-8BAC-B1FEB2A94AAE}.Ad-Hoc|iPhone.Build.0 = Debug|Any CPU
		{284532B7-09A2-45EB-8BAC-B1FEB2A94AAE}.AppStore|iPhone.ActiveCfg = Debug|Any CPU
		{284532B7-09A2-45EB-8BAC-B1FEB2A94AAE}.AppStore|iPhone.Build.0 = Debug|Any CPU
		{284532B7-09A2-45EB-8BAC-B1FEB2A94AAE}.Debug|Any CPU.ActiveCfg = Debug|Any CPU
		{284532B7-09A2-45EB-8BAC-B1FEB2A94AAE}.Debug|Any CPU.Build.0 = Debug|Any CPU
		{284532B7-09A2-45EB-8BAC-B1FEB2A94AAE}.Debug|iPhone.ActiveCfg = Debug|Any CPU
		{284532B7-09A2-45EB-8BAC-B1FEB2A94AAE}.Debug|iPhone.Build.0 = Debug|Any CPU
		{284532B7-09A2-45EB-8BAC-B1FEB2A94AAE}.Debug|iPhoneSimulator.ActiveCfg = Debug|Any CPU
		{284532B7-09A2-45EB-8BAC-B1FEB2A94AAE}.Debug|iPhoneSimulator.Build.0 = Debug|Any CPU
		{284532B7-09A2-45EB-8BAC-B1FEB2A94AAE}.Release|Any CPU.ActiveCfg = Release|Any CPU
		{284532B7-09A2-45EB-8BAC-B1FEB2A94AAE}.Release|Any CPU.Build.0 = Release|Any CPU
		{284532B7-09A2-45EB-8BAC-B1FEB2A94AAE}.Release|iPhone.ActiveCfg = Release|Any CPU
		{284532B7-09A2-45EB-8BAC-B1FEB2A94AAE}.Release|iPhone.Build.0 = Release|Any CPU
		{284532B7-09A2-45EB-8BAC-B1FEB2A94AAE}.Release|iPhoneSimulator.ActiveCfg = Release|Any CPU
		{284532B7-09A2-45EB-8BAC-B1FEB2A94AAE}.Release|iPhoneSimulator.Build.0 = Release|Any CPU
		{743B0240-60AD-42FA-B0D1-C3454F73D644}.Ad-Hoc|iPhone.ActiveCfg = Release|Any CPU
		{743B0240-60AD-42FA-B0D1-C3454F73D644}.Ad-Hoc|iPhone.Build.0 = Release|Any CPU
		{743B0240-60AD-42FA-B0D1-C3454F73D644}.AppStore|iPhone.ActiveCfg = Release|Any CPU
		{743B0240-60AD-42FA-B0D1-C3454F73D644}.AppStore|iPhone.Build.0 = Release|Any CPU
		{743B0240-60AD-42FA-B0D1-C3454F73D644}.Debug|Any CPU.ActiveCfg = Debug|Any CPU
		{743B0240-60AD-42FA-B0D1-C3454F73D644}.Debug|Any CPU.Build.0 = Debug|Any CPU
		{743B0240-60AD-42FA-B0D1-C3454F73D644}.Debug|iPhone.ActiveCfg = Debug|Any CPU
		{743B0240-60AD-42FA-B0D1-C3454F73D644}.Debug|iPhone.Build.0 = Debug|Any CPU
		{743B0240-60AD-42FA-B0D1-C3454F73D644}.Debug|iPhoneSimulator.ActiveCfg = Debug|Any CPU
		{743B0240-60AD-42FA-B0D1-C3454F73D644}.Debug|iPhoneSimulator.Build.0 = Debug|Any CPU
		{743B0240-60AD-42FA-B0D1-C3454F73D644}.Release|Any CPU.ActiveCfg = Release|Any CPU
		{743B0240-60AD-42FA-B0D1-C3454F73D644}.Release|Any CPU.Build.0 = Release|Any CPU
		{743B0240-60AD-42FA-B0D1-C3454F73D644}.Release|iPhone.ActiveCfg = Release|Any CPU
		{743B0240-60AD-42FA-B0D1-C3454F73D644}.Release|iPhone.Build.0 = Release|Any CPU
		{743B0240-60AD-42FA-B0D1-C3454F73D644}.Release|iPhoneSimulator.ActiveCfg = Release|Any CPU
		{743B0240-60AD-42FA-B0D1-C3454F73D644}.Release|iPhoneSimulator.Build.0 = Release|Any CPU
	EndGlobalSection
	GlobalSection(MonoDevelopProperties) = preSolution
		StartupItem = BuenRide.iPhone\BuenRide.iPhone.csproj
	EndGlobalSection
EndGlobal
