
Microsoft Visual Studio Solution File, Format Version 11.00
# Visual Studio 2010
Project("{FAE04EC0-301F-11D3-BF4B-00C04F79EFBC}") = "BuenRide.And", "BuenRide.And.csproj", "{284532B7-09A2-45EB-8BAC-B1FEB2A94AAE}"
EndProject
Global
	GlobalSection(SolutionConfigurationPlatforms) = preSolution
		Debug|Any CPU = Debug|Any CPU
		Release|Any CPU = Release|Any CPU
	EndGlobalSection
	GlobalSection(ProjectConfigurationPlatforms) = postSolution
		{284532B7-09A2-45EB-8BAC-B1FEB2A94AAE}.Debug|Any CPU.ActiveCfg = Debug|Any CPU
		{284532B7-09A2-45EB-8BAC-B1FEB2A94AAE}.Debug|Any CPU.Build.0 = Debug|Any CPU
		{284532B7-09A2-45EB-8BAC-B1FEB2A94AAE}.Release|Any CPU.ActiveCfg = Release|Any CPU
		{284532B7-09A2-45EB-8BAC-B1FEB2A94AAE}.Release|Any CPU.Build.0 = Release|Any CPU
	EndGlobalSection
	GlobalSection(MonoDevelopProperties) = preSolution
		StartupItem = BuenRide.And.csproj
	EndGlobalSection
EndGlobal
